
Microsoft Visual Studio Solution File, Format Version 12.00
# Visual Studio Version 17
VisualStudioVersion = 17.9.34616.47
MinimumVisualStudioVersion = 10.0.40219.1
Project("{FAE04EC0-301F-11D3-BF4B-00C04F79EFBC}") = "888MarketplaceApp", "888MarketplaceApp.csproj", "{E5CDF776-79B2-4E7B-98AC-2DF560201846}"
EndProject
Project("{FAE04EC0-301F-11D3-BF4B-00C04F79EFBC}") = "888MarketplaceApp.Infrastructure", "..\888MarketplaceApp.Infrastructure\888MarketplaceApp.Infrastructure.csproj", "{9E57C00A-746C-4CCB-983B-E7504A8D14FA}"
EndProject
Project("{FAE04EC0-301F-11D3-BF4B-00C04F79EFBC}") = "888MarketplaceApp.Core", "..\888MarketplaceApp.Core\888MarketplaceApp.Core.csproj", "{DF9D7853-090A-4D14-A3E3-71266F166B26}"
EndProject
Project("{FAE04EC0-301F-11D3-BF4B-00C04F79EFBC}") = "888MarketplaceApp.Data", "..\888MarketplaceApp.Data\888MarketplaceApp.Data.csproj", "{4DC729B8-409D-474A-B851-410F034E2588}"
EndProject
Global
	GlobalSection(SolutionConfigurationPlatforms) = preSolution
		Debug|Any CPU = Debug|Any CPU
		Release|Any CPU = Release|Any CPU
	EndGlobalSection
	GlobalSection(ProjectConfigurationPlatforms) = postSolution
		{E5CDF776-79B2-4E7B-98AC-2DF560201846}.Debug|Any CPU.ActiveCfg = Debug|Any CPU
		{E5CDF776-79B2-4E7B-98AC-2DF560201846}.Debug|Any CPU.Build.0 = Debug|Any CPU
		{E5CDF776-79B2-4E7B-98AC-2DF560201846}.Release|Any CPU.ActiveCfg = Release|Any CPU
		{E5CDF776-79B2-4E7B-98AC-2DF560201846}.Release|Any CPU.Build.0 = Release|Any CPU
		{9E57C00A-746C-4CCB-983B-E7504A8D14FA}.Debug|Any CPU.ActiveCfg = Debug|Any CPU
		{9E57C00A-746C-4CCB-983B-E7504A8D14FA}.Debug|Any CPU.Build.0 = Debug|Any CPU
		{9E57C00A-746C-4CCB-983B-E7504A8D14FA}.Release|Any CPU.ActiveCfg = Release|Any CPU
		{9E57C00A-746C-4CCB-983B-E7504A8D14FA}.Release|Any CPU.Build.0 = Release|Any CPU
		{DF9D7853-090A-4D14-A3E3-71266F166B26}.Debug|Any CPU.ActiveCfg = Debug|Any CPU
		{DF9D7853-090A-4D14-A3E3-71266F166B26}.Debug|Any CPU.Build.0 = Debug|Any CPU
		{DF9D7853-090A-4D14-A3E3-71266F166B26}.Release|Any CPU.ActiveCfg = Release|Any CPU
		{DF9D7853-090A-4D14-A3E3-71266F166B26}.Release|Any CPU.Build.0 = Release|Any CPU
		{4DC729B8-409D-474A-B851-410F034E2588}.Debug|Any CPU.ActiveCfg = Debug|Any CPU
		{4DC729B8-409D-474A-B851-410F034E2588}.Debug|Any CPU.Build.0 = Debug|Any CPU
		{4DC729B8-409D-474A-B851-410F034E2588}.Release|Any CPU.ActiveCfg = Release|Any CPU
		{4DC729B8-409D-474A-B851-410F034E2588}.Release|Any CPU.Build.0 = Release|Any CPU
	EndGlobalSection
	GlobalSection(SolutionProperties) = preSolution
		HideSolutionNode = FALSE
	EndGlobalSection
	GlobalSection(ExtensibilityGlobals) = postSolution
		SolutionGuid = {19A8B0FF-4076-41C6-804D-B2CEC2083B17}
	EndGlobalSection
EndGlobal
